
Microsoft Visual Studio Solution File, Format Version 12.00
# Visual Studio Version 17
VisualStudioVersion = 17.5.33516.290
MinimumVisualStudioVersion = 10.0.40219.1
Project("{FAE04EC0-301F-11D3-BF4B-00C04F79EFBC}") = "Web2 proj", "Web2 proj.csproj", "{DCF9F415-1637-40A9-AFAB-8EC477A0A874}"
EndProject
Global
	GlobalSection(SolutionConfigurationPlatforms) = preSolution
		Debug|Any CPU = Debug|Any CPU
		Release|Any CPU = Release|Any CPU
	EndGlobalSection
	GlobalSection(ProjectConfigurationPlatforms) = postSolution
		{DCF9F415-1637-40A9-AFAB-8EC477A0A874}.Debug|Any CPU.ActiveCfg = Debug|Any CPU
		{DCF9F415-1637-40A9-AFAB-8EC477A0A874}.Debug|Any CPU.Build.0 = Debug|Any CPU
		{DCF9F415-1637-40A9-AFAB-8EC477A0A874}.Release|Any CPU.ActiveCfg = Release|Any CPU
		{DCF9F415-1637-40A9-AFAB-8EC477A0A874}.Release|Any CPU.Build.0 = Release|Any CPU
	EndGlobalSection
	GlobalSection(SolutionProperties) = preSolution
		HideSolutionNode = FALSE
	EndGlobalSection
	GlobalSection(ExtensibilityGlobals) = postSolution
		SolutionGuid = {D309D947-59C0-48A2-82F2-06DF6F564887}
	EndGlobalSection
EndGlobal
